
Microsoft Visual Studio Solution File, Format Version 11.00
# Visual Studio 2010
# SharpDevelop 4.4
Project("{FAE04EC0-301F-11D3-BF4B-00C04F79EFBC}") = "NetScript.Test", "NetScript.Test\NetScript.Test.csproj", "{A542F2C2-F228-4423-B443-B9860BA2E5AB}"
EndProject
Project("{FAE04EC0-301F-11D3-BF4B-00C04F79EFBC}") = "NetScript.Impl.Vsa", "NetScript.Impl.Vsa\NetScript.Impl.Vsa.csproj", "{57457658-EDB4-4262-BDAA-320D1B3D40E7}"
EndProject
Project("{FAE04EC0-301F-11D3-BF4B-00C04F79EFBC}") = "NetScript.Impl.Cdom", "NetScript.Impl.Cdom\NetScript.Impl.Cdom.csproj", "{97A05498-5F1D-4743-BFC0-FA96CDB54B29}"
EndProject
Project("{FAE04EC0-301F-11D3-BF4B-00C04F79EFBC}") = "NetScript.API", "NetScript.API\NetScript.API.csproj", "{599BC770-7929-4B21-B2B4-C6CEA2357C79}"
EndProject
Project("{FAE04EC0-301F-11D3-BF4B-00C04F79EFBC}") = "NetScript.Impl.Mca", "NetScript.Impl.Mca\NetScript.Impl.Mca.csproj", "{B313C132-7F8E-488C-988A-ADA76DA3086D}"
EndProject
Project("{FAE04EC0-301F-11D3-BF4B-00C04F79EFBC}") = "NetScript.Impl.Iron", "NetScript.Impl.Iron\NetScript.Impl.Iron.csproj", "{A7776FA5-88C9-411F-A9B6-10F6692301C8}"
EndProject
Global
	GlobalSection(SolutionConfigurationPlatforms) = preSolution
		Debug|Any CPU = Debug|Any CPU
		Release|Any CPU = Release|Any CPU
	EndGlobalSection
	GlobalSection(ProjectConfigurationPlatforms) = postSolution
		{A542F2C2-F228-4423-B443-B9860BA2E5AB}.Debug|Any CPU.Build.0 = Debug|Any CPU
		{A542F2C2-F228-4423-B443-B9860BA2E5AB}.Debug|Any CPU.ActiveCfg = Debug|Any CPU
		{A542F2C2-F228-4423-B443-B9860BA2E5AB}.Release|Any CPU.Build.0 = Release|Any CPU
		{A542F2C2-F228-4423-B443-B9860BA2E5AB}.Release|Any CPU.ActiveCfg = Release|Any CPU
		{57457658-EDB4-4262-BDAA-320D1B3D40E7}.Debug|Any CPU.Build.0 = Debug|Any CPU
		{57457658-EDB4-4262-BDAA-320D1B3D40E7}.Debug|Any CPU.ActiveCfg = Debug|Any CPU
		{57457658-EDB4-4262-BDAA-320D1B3D40E7}.Release|Any CPU.Build.0 = Release|Any CPU
		{57457658-EDB4-4262-BDAA-320D1B3D40E7}.Release|Any CPU.ActiveCfg = Release|Any CPU
		{97A05498-5F1D-4743-BFC0-FA96CDB54B29}.Debug|Any CPU.Build.0 = Debug|Any CPU
		{97A05498-5F1D-4743-BFC0-FA96CDB54B29}.Debug|Any CPU.ActiveCfg = Debug|Any CPU
		{97A05498-5F1D-4743-BFC0-FA96CDB54B29}.Release|Any CPU.Build.0 = Release|Any CPU
		{97A05498-5F1D-4743-BFC0-FA96CDB54B29}.Release|Any CPU.ActiveCfg = Release|Any CPU
		{599BC770-7929-4B21-B2B4-C6CEA2357C79}.Debug|Any CPU.Build.0 = Debug|Any CPU
		{599BC770-7929-4B21-B2B4-C6CEA2357C79}.Debug|Any CPU.ActiveCfg = Debug|Any CPU
		{599BC770-7929-4B21-B2B4-C6CEA2357C79}.Release|Any CPU.Build.0 = Release|Any CPU
		{599BC770-7929-4B21-B2B4-C6CEA2357C79}.Release|Any CPU.ActiveCfg = Release|Any CPU
		{B313C132-7F8E-488C-988A-ADA76DA3086D}.Debug|Any CPU.Build.0 = Debug|Any CPU
		{B313C132-7F8E-488C-988A-ADA76DA3086D}.Debug|Any CPU.ActiveCfg = Debug|Any CPU
		{B313C132-7F8E-488C-988A-ADA76DA3086D}.Release|Any CPU.Build.0 = Release|Any CPU
		{B313C132-7F8E-488C-988A-ADA76DA3086D}.Release|Any CPU.ActiveCfg = Release|Any CPU
		{A7776FA5-88C9-411F-A9B6-10F6692301C8}.Debug|Any CPU.Build.0 = Debug|Any CPU
		{A7776FA5-88C9-411F-A9B6-10F6692301C8}.Debug|Any CPU.ActiveCfg = Debug|Any CPU
		{A7776FA5-88C9-411F-A9B6-10F6692301C8}.Release|Any CPU.Build.0 = Release|Any CPU
		{A7776FA5-88C9-411F-A9B6-10F6692301C8}.Release|Any CPU.ActiveCfg = Release|Any CPU
	EndGlobalSection
EndGlobal
